<?xml version="1.0" encoding="utf-8"?>
<Project ToolsVersion="4.0" xmlns="http://schemas.microsoft.com/developer/msbuild/2003">
  <ItemGroup>
    <Filter Include="Source Files">
      <UniqueIdentifier>{4FC737F1-C7A5-4376-A066-2A32D752A2FF}</UniqueIdentifier>
      <Extensions>cpp;c;cc;cxx;c++;cppm;ixx;def;odl;idl;hpj;bat;asm;asmx</Extensions>
    </Filter>
    <Filter Include="Header Files">
      <UniqueIdentifier>{93995380-89BD-4b04-88EB-625FBE52EBFB}</UniqueIdentifier>
      <Extensions>h;hh;hpp;hxx;h++;hm;inl;inc;ipp;xsd</Extensions>
    </Filter>
    <Filter Include="Resource Files">
      <UniqueIdentifier>{67DA6AB6-F800-4c08-8B7A-83BB121AAD01}</UniqueIdentifier>
      <Extensions>rc;ico;cur;bmp;dlg;rc2;rct;bin;rgs;gif;jpg;jpeg;jpe;resx;tiff;tif;png;wav;mfcribbon-ms</Extensions>
    </Filter>
  </ItemGroup>
  <ItemGroup>
    <ClInclude Include="include\core.h">
      <Filter>Header Files</Filter>
    </ClInclude>
    <ClInclude Include="include\object\buffer.h">
      <Filter>Header Files</Filter>
    </ClInclude>
    <ClInclude Include="include\hash\hasher.h">
      <Filter>Header Files</Filter>
    </ClInclude>
    <ClInclude Include="src\mdk.h">
      <Filter>Header Files</Filter>
    </ClInclude>
    <ClInclude Include="include\object\process.h">
      <Filter>Header Files</Filter>
    </ClInclude>
    <ClInclude Include="include\object\thread.h">
      <Filter>Header Files</Filter>
    </ClInclude>
    <ClInclude Include="include\object\registry.h">
      <Filter>Header Files</Filter>
    </ClInclude>
    <ClInclude Include="include\hash\xor.h">
      <Filter>Header Files</Filter>
    </ClInclude>
    <ClInclude Include="include\object\internet.h">
      <Filter>Header Files</Filter>
    </ClInclude>
    <ClInclude Include="include\payload\messagebox.h">
      <Filter>Header Files</Filter>
    </ClInclude>
  </ItemGroup>
  <ItemGroup>
    <ClCompile Include="src\entry.cpp">
      <Filter>Source Files</Filter>
    </ClCompile>
    <ClCompile Include="src\object\buffer.cpp">
      <Filter>Source Files</Filter>
    </ClCompile>
    <ClCompile Include="src\object\process.cpp">
      <Filter>Source Files</Filter>
    </ClCompile>
    <ClCompile Include="src\object\thread.cpp">
      <Filter>Source Files</Filter>
    </ClCompile>
    <ClCompile Include="src\object\registry.cpp">
      <Filter>Source Files</Filter>
    </ClCompile>
    <ClCompile Include="src\hash\xor.cpp">
      <Filter>Source Files</Filter>
    </ClCompile>
    <ClCompile Include="src\object\internet.cpp">
      <Filter>Source Files</Filter>
    </ClCompile>
  </ItemGroup>
  <ItemGroup>
    <None Include="build\var\win-mdk.tlog\CL.command.1.tlog" />
    <None Include="build\var\win-mdk.tlog\Cl.items.tlog" />
    <None Include="build\var\win-mdk.tlog\CL.read.1.tlog" />
    <None Include="build\var\win-mdk.tlog\CL.write.1.tlog" />
    <None Include="build\var\win-mdk.tlog\link.command.1.tlog" />
    <None Include="build\var\win-mdk.tlog\link.read.1.tlog" />
    <None Include="build\var\win-mdk.tlog\link.secondary.1.tlog" />
    <None Include="build\var\win-mdk.tlog\link.write.1.tlog" />
    <None Include="build\var\win-mdk.tlog\win-mdk.lastbuildstate" />
    <None Include="build\var\entry.obj.enc" />
    <None Include="build\var\vc143.idb" />
    <None Include="build\var\vc143.pdb" />
    <None Include="build\var\win-mdk.exe.recipe" />
    <None Include="build\var\win-mdk.ilk" />
    <None Include="build\win-mdk.exe" />
    <None Include="build\win-mdk.pdb" />
  </ItemGroup>
  <ItemGroup>
    <Object Include="build\var\entry.obj" />
  </ItemGroup>
  <ItemGroup>
    <Text Include="build\var\win-mdk.log" />
  </ItemGroup>
</Project>